PODS:
  - AFNetworking (3.2.0):
    - AFNetworking/NSURLSession (= 3.2.0)
    - AFNetworking/Reachability (= 3.2.0)
    - AFNetworking/Security (= 3.2.0)
    - AFNetworking/Serialization (= 3.2.0)
    - AFNetworking/UIKit (= 3.2.0)
  - AFNetworking/NSURLSession (3.2.0):
    - AFNetworking/Reachability
    - AFNetworking/Security
    - AFNetworking/Serialization
  - AFNetworking/Reachability (3.2.0)
  - AFNetworking/Security (3.2.0)
  - AFNetworking/Serialization (3.2.0)
  - AFNetworking/UIKit (3.2.0):
    - AFNetworking/NSURLSession
  - BaiduMapKit (4.0.0)
  - Harpy (4.1.14)
  - IQKeyboardManager (6.0.2)
  - Masonry (1.1.0)
  - MBProgressHUD (1.1.0)
  - MJRefresh (3.1.15.3)
  - mob_sharesdk (4.1.2):
    - mob_sharesdk/ShareSDK (= 4.1.2)
    - MOBFoundation
  - mob_sharesdk/ShareSDK (4.1.2):
    - MOBFoundation
  - mob_sharesdk/ShareSDKPlatforms/WeChat (4.1.2):
    - mob_sharesdk/ShareSDK
    - MOBFoundation
  - mob_sharesdk/ShareSDKUI (4.1.2):
    - mob_sharesdk/ShareSDK
    - MOBFoundation
  - MOBFoundation (3.1.6)
  - SDCycleScrollView (1.75):
    - SDWebImage (>= 4.0.0)
  - SDWebImage (4.3.3):
    - SDWebImage/Core (= 4.3.3)
  - SDWebImage/Core (4.3.3)

DEPENDENCIES:
  - AFNetworking
  - BaiduMapKit
  - Harpy
  - IQKeyboardManager
  - Masonry
  - MBProgressHUD
  - MJRefresh
  - mob_sharesdk
  - mob_sharesdk/ShareSDKPlatforms/WeChat
  - mob_sharesdk/ShareSDKUI
  - SDCycleScrollView

SPEC REPOS:
  https://github.com/CocoaPods/Specs.git:
    - AFNetworking
    - BaiduMapKit
    - Harpy
    - IQKeyboardManager
    - Masonry
    - MBProgressHUD
    - MJRefresh
    - mob_sharesdk
    - MOBFoundation
    - SDCycleScrollView
    - SDWebImage

SPEC CHECKSUMS:
  AFNetworking: 8ac6017b94ea105479f7776e5288e48ae9c59bb4
  BaiduMapKit: 8fa2eb2ca81b92b740b19d9ff3b59d751d3e92e1
  Harpy: b2fbe6819f6a8932df32d7cd2fb20f442df86bbc
  IQKeyboardManager: c49d59e358aeeffaa0280aa305093c2b194d2607
  Masonry: 678fab65091a9290e40e2832a55e7ab731aad201
  MBProgressHUD: e7baa36a220447d8aeb12769bf0585582f3866d9
  MJRefresh: b48380ae2b927b46c4ef000de9adb8dc748e1df7
  mob_sharesdk: e859de6ace7542f3395ce055682f7cd40efdfaa1
  MOBFoundation: a87c5f11fb87f873337189c3ec0add4d3ec6221a
  SDCycleScrollView: 884b88f0266dd4708a0e1934975c69cb971707b1
  SDWebImage: de4d90b5bff3571eae7bd16202b1f43135409fa5

PODFILE CHECKSUM: f04b49d56b87db220191b82af5a65e381c94d884

COCOAPODS: 1.5.0
